
Microsoft Visual Studio Solution File, Format Version 12.00
# Visual Studio Version 16
VisualStudioVersion = 16.0.29409.12
MinimumVisualStudioVersion = 10.0.40219.1
Project("{FAE04EC0-301F-11D3-BF4B-00C04F79EFBC}") = "ExercicioTratamentoDeExcecoes", "ExercicioTratamentoDeExcecoes\ExercicioTratamentoDeExcecoes.csproj", "{685C53A8-9FAA-423C-9EF1-4DB3B48FCE8B}"
EndProject
Global
	GlobalSection(SolutionConfigurationPlatforms) = preSolution
		Debug|Any CPU = Debug|Any CPU
		Release|Any CPU = Release|Any CPU
	EndGlobalSection
	GlobalSection(ProjectConfigurationPlatforms) = postSolution
		{685C53A8-9FAA-423C-9EF1-4DB3B48FCE8B}.Debug|Any CPU.ActiveCfg = Debug|Any CPU
		{685C53A8-9FAA-423C-9EF1-4DB3B48FCE8B}.Debug|Any CPU.Build.0 = Debug|Any CPU
		{685C53A8-9FAA-423C-9EF1-4DB3B48FCE8B}.Release|Any CPU.ActiveCfg = Release|Any CPU
		{685C53A8-9FAA-423C-9EF1-4DB3B48FCE8B}.Release|Any CPU.Build.0 = Release|Any CPU
	EndGlobalSection
	GlobalSection(SolutionProperties) = preSolution
		HideSolutionNode = FALSE
	EndGlobalSection
	GlobalSection(ExtensibilityGlobals) = postSolution
		SolutionGuid = {2318F77E-A41B-4AB0-9238-20F1EBCEF8E6}
	EndGlobalSection
EndGlobal
